
Microsoft Visual Studio Solution File, Format Version 12.00
# Visual Studio Version 16
VisualStudioVersion = 16.0.30517.126
MinimumVisualStudioVersion = 10.0.40219.1
Project("{FAE04EC0-301F-11D3-BF4B-00C04F79EFBC}") = "LukeSkywalker", "LukeSkywalker\LukeSkywalker.csproj", "{3D79C4A8-58B6-4CDA-993B-1960E6256DBE}"
EndProject
Project("{FAE04EC0-301F-11D3-BF4B-00C04F79EFBC}") = "UnitTests", "UnitTests\UnitTests.csproj", "{7FCFA67B-E134-40EF-B1A2-010C5719F774}"
EndProject
Global
	GlobalSection(SolutionConfigurationPlatforms) = preSolution
		Debug|Any CPU = Debug|Any CPU
		Release|Any CPU = Release|Any CPU
	EndGlobalSection
	GlobalSection(ProjectConfigurationPlatforms) = postSolution
		{3D79C4A8-58B6-4CDA-993B-1960E6256DBE}.Debug|Any CPU.ActiveCfg = Debug|Any CPU
		{3D79C4A8-58B6-4CDA-993B-1960E6256DBE}.Debug|Any CPU.Build.0 = Debug|Any CPU
		{3D79C4A8-58B6-4CDA-993B-1960E6256DBE}.Release|Any CPU.ActiveCfg = Release|Any CPU
		{3D79C4A8-58B6-4CDA-993B-1960E6256DBE}.Release|Any CPU.Build.0 = Release|Any CPU
		{7FCFA67B-E134-40EF-B1A2-010C5719F774}.Debug|Any CPU.ActiveCfg = Debug|Any CPU
		{7FCFA67B-E134-40EF-B1A2-010C5719F774}.Debug|Any CPU.Build.0 = Debug|Any CPU
		{7FCFA67B-E134-40EF-B1A2-010C5719F774}.Release|Any CPU.ActiveCfg = Release|Any CPU
		{7FCFA67B-E134-40EF-B1A2-010C5719F774}.Release|Any CPU.Build.0 = Release|Any CPU
	EndGlobalSection
	GlobalSection(SolutionProperties) = preSolution
		HideSolutionNode = FALSE
	EndGlobalSection
	GlobalSection(ExtensibilityGlobals) = postSolution
		SolutionGuid = {2928E9F3-2F4E-48D3-8B3B-76FEE38A77E1}
	EndGlobalSection
EndGlobal
